
Microsoft Visual Studio Solution File, Format Version 12.00
# Visual Studio 2013
VisualStudioVersion = 12.0.30324.0
MinimumVisualStudioVersion = 10.0.40219.1
Project("{FAE04EC0-301F-11D3-BF4B-00C04F79EFBC}") = "ngPlay.back.WebAPI", "ngPlay.back.WebAPI\ngPlay.back.WebAPI.csproj", "{14353CFD-456B-446E-9B5B-86EA7A4C87B5}"
EndProject
Project("{2150E333-8FDC-42A3-9474-1A3956D46DE8}") = "Test", "Test", "{7B96A5B4-DCE5-43C5-9815-BFCF3D8218EE}"
EndProject
Project("{FAE04EC0-301F-11D3-BF4B-00C04F79EFBC}") = "ngPlay.back.WebAPI.Tests", "Test\ngPlay.back.WebAPI.Tests\ngPlay.back.WebAPI.Tests.csproj", "{FB1EFB48-0B5F-434C-B128-23D724AA40C8}"
EndProject
Project("{FAE04EC0-301F-11D3-BF4B-00C04F79EFBC}") = "ngPlay.back.Data", "ngPlay.back.Data\ngPlay.back.Data.csproj", "{E576AD6F-4436-4803-8BD9-4F52ECFF3B03}"
EndProject
Project("{FAE04EC0-301F-11D3-BF4B-00C04F79EFBC}") = "ngPlay.back.Domain", "ngPlay.back.Domain\ngPlay.back.Domain.csproj", "{4496CE07-76D1-4A57-A702-6E2AF845213D}"
EndProject
Project("{FAE04EC0-301F-11D3-BF4B-00C04F79EFBC}") = "ngPlay.back.DatabaseScripts", "ngPlay.back.DatabaseScripts\ngPlay.back.DatabaseScripts.csproj", "{759C13E7-16A8-40B9-8227-324B3243497E}"
EndProject
Project("{FAE04EC0-301F-11D3-BF4B-00C04F79EFBC}") = "ngPlay.back.Identity", "ngPlay.back.Identity\ngPlay.back.Identity.csproj", "{A3ECC6BB-406B-4FCD-9452-A273A51B32A8}"
EndProject
Global
	GlobalSection(SolutionConfigurationPlatforms) = preSolution
		Debug|Any CPU = Debug|Any CPU
		Release|Any CPU = Release|Any CPU
	EndGlobalSection
	GlobalSection(ProjectConfigurationPlatforms) = postSolution
		{14353CFD-456B-446E-9B5B-86EA7A4C87B5}.Debug|Any CPU.ActiveCfg = Debug|Any CPU
		{14353CFD-456B-446E-9B5B-86EA7A4C87B5}.Debug|Any CPU.Build.0 = Debug|Any CPU
		{14353CFD-456B-446E-9B5B-86EA7A4C87B5}.Release|Any CPU.ActiveCfg = Release|Any CPU
		{14353CFD-456B-446E-9B5B-86EA7A4C87B5}.Release|Any CPU.Build.0 = Release|Any CPU
		{FB1EFB48-0B5F-434C-B128-23D724AA40C8}.Debug|Any CPU.ActiveCfg = Debug|Any CPU
		{FB1EFB48-0B5F-434C-B128-23D724AA40C8}.Debug|Any CPU.Build.0 = Debug|Any CPU
		{FB1EFB48-0B5F-434C-B128-23D724AA40C8}.Release|Any CPU.ActiveCfg = Release|Any CPU
		{FB1EFB48-0B5F-434C-B128-23D724AA40C8}.Release|Any CPU.Build.0 = Release|Any CPU
		{E576AD6F-4436-4803-8BD9-4F52ECFF3B03}.Debug|Any CPU.ActiveCfg = Debug|Any CPU
		{E576AD6F-4436-4803-8BD9-4F52ECFF3B03}.Debug|Any CPU.Build.0 = Debug|Any CPU
		{E576AD6F-4436-4803-8BD9-4F52ECFF3B03}.Release|Any CPU.ActiveCfg = Release|Any CPU
		{E576AD6F-4436-4803-8BD9-4F52ECFF3B03}.Release|Any CPU.Build.0 = Release|Any CPU
		{4496CE07-76D1-4A57-A702-6E2AF845213D}.Debug|Any CPU.ActiveCfg = Debug|Any CPU
		{4496CE07-76D1-4A57-A702-6E2AF845213D}.Debug|Any CPU.Build.0 = Debug|Any CPU
		{4496CE07-76D1-4A57-A702-6E2AF845213D}.Release|Any CPU.ActiveCfg = Release|Any CPU
		{4496CE07-76D1-4A57-A702-6E2AF845213D}.Release|Any CPU.Build.0 = Release|Any CPU
		{759C13E7-16A8-40B9-8227-324B3243497E}.Debug|Any CPU.ActiveCfg = Debug|Any CPU
		{759C13E7-16A8-40B9-8227-324B3243497E}.Release|Any CPU.ActiveCfg = Release|Any CPU
		{A3ECC6BB-406B-4FCD-9452-A273A51B32A8}.Debug|Any CPU.ActiveCfg = Debug|Any CPU
		{A3ECC6BB-406B-4FCD-9452-A273A51B32A8}.Debug|Any CPU.Build.0 = Debug|Any CPU
		{A3ECC6BB-406B-4FCD-9452-A273A51B32A8}.Release|Any CPU.ActiveCfg = Release|Any CPU
		{A3ECC6BB-406B-4FCD-9452-A273A51B32A8}.Release|Any CPU.Build.0 = Release|Any CPU
	EndGlobalSection
	GlobalSection(SolutionProperties) = preSolution
		HideSolutionNode = FALSE
	EndGlobalSection
	GlobalSection(NestedProjects) = preSolution
		{FB1EFB48-0B5F-434C-B128-23D724AA40C8} = {7B96A5B4-DCE5-43C5-9815-BFCF3D8218EE}
	EndGlobalSection
EndGlobal
